// !$*UTF8*$!
{
	archiveVersion = 1;
	classes = {
	};
	objectVersion = 50;
	objects = {

/* Begin PBXBuildFile section */
		2890221F25CE416B008D0E55 /* MXSwiftLetVC.swift in Sources */ = {isa = PBXBuildFile; fileRef = 2890221E25CE416B008D0E55 /* MXSwiftLetVC.swift */; };
		2890222825CE475F008D0E55 /* MXSwiftLiteralVC.swift in Sources */ = {isa = PBXBuildFile; fileRef = 2890222725CE475F008D0E55 /* MXSwiftLiteralVC.swift */; };
		2890224F25D0D842008D0E55 /* MXWordsVC.swift in Sources */ = {isa = PBXBuildFile; fileRef = 2890224E25D0D842008D0E55 /* MXWordsVC.swift */; };
		28C8690B25CBEA730080AD5E /* AppDelegate.swift in Sources */ = {isa = PBXBuildFile; fileRef = 28C8690A25CBEA730080AD5E /* AppDelegate.swift */; };
		28C8690D25CBEA730080AD5E /* SceneDelegate.swift in Sources */ = {isa = PBXBuildFile; fileRef = 28C8690C25CBEA730080AD5E /* SceneDelegate.swift */; };
		28C8691225CBEA730080AD5E /* Main.storyboard in Resources */ = {isa = PBXBuildFile; fileRef = 28C8691025CBEA730080AD5E /* Main.storyboard */; };
		28C8691425CBEA750080AD5E /* Assets.xcassets in Resources */ = {isa = PBXBuildFile; fileRef = 28C8691325CBEA750080AD5E /* Assets.xcassets */; };
		28C8691725CBEA750080AD5E /* LaunchScreen.storyboard in Resources */ = {isa = PBXBuildFile; fileRef = 28C8691525CBEA750080AD5E /* LaunchScreen.storyboard */; };
		28C8692225CBEA750080AD5E /* SwitStudyFightTests.swift in Sources */ = {isa = PBXBuildFile; fileRef = 28C8692125CBEA750080AD5E /* SwitStudyFightTests.swift */; };
		28C8692D25CBEA750080AD5E /* SwitStudyFightUITests.swift in Sources */ = {isa = PBXBuildFile; fileRef = 28C8692C25CBEA750080AD5E /* SwitStudyFightUITests.swift */; };
		28C8698225CBF49F0080AD5E /* TitleListVC.swift in Sources */ = {isa = PBXBuildFile; fileRef = 28C8698125CBF49F0080AD5E /* TitleListVC.swift */; };
		28C8698E25CBF74E0080AD5E /* TitleListCell.swift in Sources */ = {isa = PBXBuildFile; fileRef = 28C8698D25CBF74E0080AD5E /* TitleListCell.swift */; };
		28C869A325CBFB840080AD5E /* MXSwiftBasicLanguage.swift in Sources */ = {isa = PBXBuildFile; fileRef = 28C869A225CBFB840080AD5E /* MXSwiftBasicLanguage.swift */; };
		28C869A925CCEF220080AD5E /* MXSwiftDataTypeVC.swift in Sources */ = {isa = PBXBuildFile; fileRef = 28C869A825CCEF220080AD5E /* MXSwiftDataTypeVC.swift */; };
		28C869B225CD240C0080AD5E /* MXSwiftVariableVC.swift in Sources */ = {isa = PBXBuildFile; fileRef = 28C869B125CD240C0080AD5E /* MXSwiftVariableVC.swift */; };
		28C869BB25CD24580080AD5E /* MXBaseViewController.swift in Sources */ = {isa = PBXBuildFile; fileRef = 28C869BA25CD24580080AD5E /* MXBaseViewController.swift */; };
		28C869C725CD29610080AD5E /* MXSwiftOptionalsVC.swift in Sources */ = {isa = PBXBuildFile; fileRef = 28C869C625CD29610080AD5E /* MXSwiftOptionalsVC.swift */; };
/* End PBXBuildFile section */

/* Begin PBXContainerItemProxy section */
		28C8691E25CBEA750080AD5E /* PBXContainerItemProxy */ = {
			isa = PBXContainerItemProxy;
			containerPortal = 28C868FF25CBEA730080AD5E /* Project object */;
			proxyType = 1;
			remoteGlobalIDString = 28C8690625CBEA730080AD5E;
			remoteInfo = SwitStudyFight;
		};
		28C8692925CBEA750080AD5E /* PBXContainerItemProxy */ = {
			isa = PBXContainerItemProxy;
			containerPortal = 28C868FF25CBEA730080AD5E /* Project object */;
			proxyType = 1;
			remoteGlobalIDString = 28C8690625CBEA730080AD5E;
			remoteInfo = SwitStudyFight;
		};
/* End PBXContainerItemProxy section */

/* Begin PBXFileReference section */
		2890221E25CE416B008D0E55 /* MXSwiftLetVC.swift */ = {isa = PBXFileReference; lastKnownFileType = sourcecode.swift; path = MXSwiftLetVC.swift; sourceTree = "<group>"; };
		2890222725CE475F008D0E55 /* MXSwiftLiteralVC.swift */ = {isa = PBXFileReference; lastKnownFileType = sourcecode.swift; path = MXSwiftLiteralVC.swift; sourceTree = "<group>"; };
		2890224E25D0D842008D0E55 /* MXWordsVC.swift */ = {isa = PBXFileReference; lastKnownFileType = sourcecode.swift; path = MXWordsVC.swift; sourceTree = "<group>"; };
		28C8690725CBEA730080AD5E /* SwitStudyFight.app */ = {isa = PBXFileReference; explicitFileType = wrapper.application; includeInIndex = 0; path = SwitStudyFight.app; sourceTree = BUILT_PRODUCTS_DIR; };
		28C8690A25CBEA730080AD5E /* AppDelegate.swift */ = {isa = PBXFileReference; lastKnownFileType = sourcecode.swift; path = AppDelegate.swift; sourceTree = "<group>"; };
		28C8690C25CBEA730080AD5E /* SceneDelegate.swift */ = {isa = PBXFileReference; lastKnownFileType = sourcecode.swift; path = SceneDelegate.swift; sourceTree = "<group>"; };
		28C8691125CBEA730080AD5E /* Base */ = {isa = PBXFileReference; lastKnownFileType = file.storyboard; name = Base; path = Base.lproj/Main.storyboard; sourceTree = "<group>"; };
		28C8691325CBEA750080AD5E /* Assets.xcassets */ = {isa = PBXFileReference; lastKnownFileType = folder.assetcatalog; path = Assets.xcassets; sourceTree = "<group>"; };
		28C8691625CBEA750080AD5E /* Base */ = {isa = PBXFileReference; lastKnownFileType = file.storyboard; name = Base; path = Base.lproj/LaunchScreen.storyboard; sourceTree = "<group>"; };
		28C8691825CBEA750080AD5E /* Info.plist */ = {isa = PBXFileReference; lastKnownFileType = text.plist.xml; path = Info.plist; sourceTree = "<group>"; };
		28C8691D25CBEA750080AD5E /* SwitStudyFightTests.xctest */ = {isa = PBXFileReference; explicitFileType = wrapper.cfbundle; includeInIndex = 0; path = SwitStudyFightTests.xctest; sourceTree = BUILT_PRODUCTS_DIR; };
		28C8692125CBEA750080AD5E /* SwitStudyFightTests.swift */ = {isa = PBXFileReference; lastKnownFileType = sourcecode.swift; path = SwitStudyFightTests.swift; sourceTree = "<group>"; };
		28C8692325CBEA750080AD5E /* Info.plist */ = {isa = PBXFileReference; lastKnownFileType = text.plist.xml; path = Info.plist; sourceTree = "<group>"; };
		28C8692825CBEA750080AD5E /* SwitStudyFightUITests.xctest */ = {isa = PBXFileReference; explicitFileType = wrapper.cfbundle; includeInIndex = 0; path = SwitStudyFightUITests.xctest; sourceTree = BUILT_PRODUCTS_DIR; };
		28C8692C25CBEA750080AD5E /* SwitStudyFightUITests.swift */ = {isa = PBXFileReference; lastKnownFileType = sourcecode.swift; path = SwitStudyFightUITests.swift; sourceTree = "<group>"; };
		28C8692E25CBEA750080AD5E /* Info.plist */ = {isa = PBXFileReference; lastKnownFileType = text.plist.xml; path = Info.plist; sourceTree = "<group>"; };
		28C8698125CBF49F0080AD5E /* TitleListVC.swift */ = {isa = PBXFileReference; lastKnownFileType = sourcecode.swift; path = TitleListVC.swift; sourceTree = "<group>"; };
		28C8698D25CBF74E0080AD5E /* TitleListCell.swift */ = {isa = PBXFileReference; lastKnownFileType = sourcecode.swift; path = TitleListCell.swift; sourceTree = "<group>"; };
		28C869A225CBFB840080AD5E /* MXSwiftBasicLanguage.swift */ = {isa = PBXFileReference; lastKnownFileType = sourcecode.swift; path = MXSwiftBasicLanguage.swift; sourceTree = "<group>"; };
		28C869A825CCEF220080AD5E /* MXSwiftDataTypeVC.swift */ = {isa = PBXFileReference; lastKnownFileType = sourcecode.swift; path = MXSwiftDataTypeVC.swift; sourceTree = "<group>"; };
		28C869B125CD240C0080AD5E /* MXSwiftVariableVC.swift */ = {isa = PBXFileReference; lastKnownFileType = sourcecode.swift; path = MXSwiftVariableVC.swift; sourceTree = "<group>"; };
		28C869BA25CD24580080AD5E /* MXBaseViewController.swift */ = {isa = PBXFileReference; lastKnownFileType = sourcecode.swift; path = MXBaseViewController.swift; sourceTree = "<group>"; };
		28C869C625CD29610080AD5E /* MXSwiftOptionalsVC.swift */ = {isa = PBXFileReference; lastKnownFileType = sourcecode.swift; path = MXSwiftOptionalsVC.swift; sourceTree = "<group>"; };
/* End PBXFileReference section */

/* Begin PBXFrameworksBuildPhase section */
		28C8690425CBEA730080AD5E /* Frameworks */ = {
			isa = PBXFrameworksBuildPhase;
			buildActionMask = 2147483647;
			files = (
			);
			runOnlyForDeploymentPostprocessing = 0;
		};
		28C8691A25CBEA750080AD5E /* Frameworks */ = {
			isa = PBXFrameworksBuildPhase;
			buildActionMask = 2147483647;
			files = (
			);
			runOnlyForDeploymentPostprocessing = 0;
		};
		28C8692525CBEA750080AD5E /* Frameworks */ = {
			isa = PBXFrameworksBuildPhase;
			buildActionMask = 2147483647;
			files = (
			);
			runOnlyForDeploymentPostprocessing = 0;
		};
/* End PBXFrameworksBuildPhase section */

/* Begin PBXGroup section */
		2890221D25CE3E4C008D0E55 /* Swift 常量 */ = {
			isa = PBXGroup;
			children = (
				2890221E25CE416B008D0E55 /* MXSwiftLetVC.swift */,
			);
			path = "Swift 常量";
			sourceTree = "<group>";
		};
		2890222625CE4569008D0E55 /* Swift 字面量 */ = {
			isa = PBXGroup;
			children = (
				2890222725CE475F008D0E55 /* MXSwiftLiteralVC.swift */,
			);
			path = "Swift 字面量";
			sourceTree = "<group>";
		};
		2890224D25D0D81A008D0E55 /* 来吧背单词 */ = {
			isa = PBXGroup;
			children = (
				2890224E25D0D842008D0E55 /* MXWordsVC.swift */,
			);
			path = "来吧背单词";
			sourceTree = "<group>";
		};
		28C868FE25CBEA730080AD5E = {
			isa = PBXGroup;
			children = (
				28C8690925CBEA730080AD5E /* SwitStudyFight */,
				28C8692025CBEA750080AD5E /* SwitStudyFightTests */,
				28C8692B25CBEA750080AD5E /* SwitStudyFightUITests */,
				28C8690825CBEA730080AD5E /* Products */,
			);
			sourceTree = "<group>";
		};
		28C8690825CBEA730080AD5E /* Products */ = {
			isa = PBXGroup;
			children = (
				28C8690725CBEA730080AD5E /* SwitStudyFight.app */,
				28C8691D25CBEA750080AD5E /* SwitStudyFightTests.xctest */,
				28C8692825CBEA750080AD5E /* SwitStudyFightUITests.xctest */,
			);
			name = Products;
			sourceTree = "<group>";
		};
		28C8690925CBEA730080AD5E /* SwitStudyFight */ = {
			isa = PBXGroup;
			children = (
				28C8697F25CBF3E90080AD5E /* Modules */,
				28C8690A25CBEA730080AD5E /* AppDelegate.swift */,
				28C8690C25CBEA730080AD5E /* SceneDelegate.swift */,
				28C8691025CBEA730080AD5E /* Main.storyboard */,
				28C8691325CBEA750080AD5E /* Assets.xcassets */,
				28C8691525CBEA750080AD5E /* LaunchScreen.storyboard */,
				28C8691825CBEA750080AD5E /* Info.plist */,
			);
			path = SwitStudyFight;
			sourceTree = "<group>";
		};
		28C8692025CBEA750080AD5E /* SwitStudyFightTests */ = {
			isa = PBXGroup;
			children = (
				28C8692125CBEA750080AD5E /* SwitStudyFightTests.swift */,
				28C8692325CBEA750080AD5E /* Info.plist */,
			);
			path = SwitStudyFightTests;
			sourceTree = "<group>";
		};
		28C8692B25CBEA750080AD5E /* SwitStudyFightUITests */ = {
			isa = PBXGroup;
			children = (
				28C8692C25CBEA750080AD5E /* SwitStudyFightUITests.swift */,
				28C8692E25CBEA750080AD5E /* Info.plist */,
			);
			path = SwitStudyFightUITests;
			sourceTree = "<group>";
		};
		28C8697F25CBF3E90080AD5E /* Modules */ = {
			isa = PBXGroup;
			children = (
				28C8698C25CBF7290080AD5E /* View */,
				28C8698025CBF4250080AD5E /* Controller */,
			);
			path = Modules;
			sourceTree = "<group>";
		};
		28C8698025CBF4250080AD5E /* Controller */ = {
			isa = PBXGroup;
			children = (
				2890224D25D0D81A008D0E55 /* 来吧背单词 */,
				28C8698125CBF49F0080AD5E /* TitleListVC.swift */,
				28C869B925CD243F0080AD5E /* Base */,
				28C8699625CBFA7A0080AD5E /* Swift基本语法 */,
				28C869A725CCEED90080AD5E /* Swift数据类型 */,
				28C869B025CD23B60080AD5E /* Swift 变量 */,
				28C869C525CD28DF0080AD5E /* Swift 可选类型 */,
				2890221D25CE3E4C008D0E55 /* Swift 常量 */,
				2890222625CE4569008D0E55 /* Swift 字面量 */,
			);
			path = Controller;
			sourceTree = "<group>";
		};
		28C8698C25CBF7290080AD5E /* View */ = {
			isa = PBXGroup;
			children = (
				28C8698D25CBF74E0080AD5E /* TitleListCell.swift */,
			);
			path = View;
			sourceTree = "<group>";
		};
		28C8699625CBFA7A0080AD5E /* Swift基本语法 */ = {
			isa = PBXGroup;
			children = (
				28C869A225CBFB840080AD5E /* MXSwiftBasicLanguage.swift */,
			);
			path = "Swift基本语法";
			sourceTree = "<group>";
		};
		28C869A725CCEED90080AD5E /* Swift数据类型 */ = {
			isa = PBXGroup;
			children = (
				28C869A825CCEF220080AD5E /* MXSwiftDataTypeVC.swift */,
			);
			path = "Swift数据类型";
			sourceTree = "<group>";
		};
		28C869B025CD23B60080AD5E /* Swift 变量 */ = {
			isa = PBXGroup;
			children = (
				28C869B125CD240C0080AD5E /* MXSwiftVariableVC.swift */,
			);
			path = "Swift 变量";
			sourceTree = "<group>";
		};
		28C869B925CD243F0080AD5E /* Base */ = {
			isa = PBXGroup;
			children = (
				28C869BA25CD24580080AD5E /* MXBaseViewController.swift */,
			);
			path = Base;
			sourceTree = "<group>";
		};
		28C869C525CD28DF0080AD5E /* Swift 可选类型 */ = {
			isa = PBXGroup;
			children = (
				28C869C625CD29610080AD5E /* MXSwiftOptionalsVC.swift */,
			);
			path = "Swift 可选类型";
			sourceTree = "<group>";
		};
/* End PBXGroup section */

/* Begin PBXNativeTarget section */
		28C8690625CBEA730080AD5E /* SwitStudyFight */ = {
			isa = PBXNativeTarget;
			buildConfigurationList = 28C8693125CBEA750080AD5E /* Build configuration list for PBXNativeTarget "SwitStudyFight" */;
			buildPhases = (
				28C8690325CBEA730080AD5E /* Sources */,
				28C8690425CBEA730080AD5E /* Frameworks */,
				28C8690525CBEA730080AD5E /* Resources */,
			);
			buildRules = (
			);
			dependencies = (
			);
			name = SwitStudyFight;
			productName = SwitStudyFight;
			productReference = 28C8690725CBEA730080AD5E /* SwitStudyFight.app */;
			productType = "com.apple.product-type.application";
		};
		28C8691C25CBEA750080AD5E /* SwitStudyFightTests */ = {
			isa = PBXNativeTarget;
			buildConfigurationList = 28C8693425CBEA750080AD5E /* Build configuration list for PBXNativeTarget "SwitStudyFightTests" */;
			buildPhases = (
				28C8691925CBEA750080AD5E /* Sources */,
				28C8691A25CBEA750080AD5E /* Frameworks */,
				28C8691B25CBEA750080AD5E /* Resources */,
			);
			buildRules = (
			);
			dependencies = (
				28C8691F25CBEA750080AD5E /* PBXTargetDependency */,
			);
			name = SwitStudyFightTests;
			productName = SwitStudyFightTests;
			productReference = 28C8691D25CBEA750080AD5E /* SwitStudyFightTests.xctest */;
			productType = "com.apple.product-type.bundle.unit-test";
		};
		28C8692725CBEA750080AD5E /* SwitStudyFightUITests */ = {
			isa = PBXNativeTarget;
			buildConfigurationList = 28C8693725CBEA750080AD5E /* Build configuration list for PBXNativeTarget "SwitStudyFightUITests" */;
			buildPhases = (
				28C8692425CBEA750080AD5E /* Sources */,
				28C8692525CBEA750080AD5E /* Frameworks */,
				28C8692625CBEA750080AD5E /* Resources */,
			);
			buildRules = (
			);
			dependencies = (
				28C8692A25CBEA750080AD5E /* PBXTargetDependency */,
			);
			name = SwitStudyFightUITests;
			productName = SwitStudyFightUITests;
			productReference = 28C8692825CBEA750080AD5E /* SwitStudyFightUITests.xctest */;
			productType = "com.apple.product-type.bundle.ui-testing";
		};
/* End PBXNativeTarget section */

/* Begin PBXProject section */
		28C868FF25CBEA730080AD5E /* Project object */ = {
			isa = PBXProject;
			attributes = {
				LastSwiftUpdateCheck = 1210;
				LastUpgradeCheck = 1210;
				TargetAttributes = {
					28C8690625CBEA730080AD5E = {
						CreatedOnToolsVersion = 12.1;
					};
					28C8691C25CBEA750080AD5E = {
						CreatedOnToolsVersion = 12.1;
						TestTargetID = 28C8690625CBEA730080AD5E;
					};
					28C8692725CBEA750080AD5E = {
						CreatedOnToolsVersion = 12.1;
						TestTargetID = 28C8690625CBEA730080AD5E;
					};
				};
			};
			buildConfigurationList = 28C8690225CBEA730080AD5E /* Build configuration list for PBXProject "SwitStudyFight" */;
			compatibilityVersion = "Xcode 9.3";
			developmentRegion = en;
			hasScannedForEncodings = 0;
			knownRegions = (
				en,
				Base,
			);
			mainGroup = 28C868FE25CBEA730080AD5E;
			productRefGroup = 28C8690825CBEA730080AD5E /* Products */;
			projectDirPath = "";
			projectRoot = "";
			targets = (
				28C8690625CBEA730080AD5E /* SwitStudyFight */,
				28C8691C25CBEA750080AD5E /* SwitStudyFightTests */,
				28C8692725CBEA750080AD5E /* SwitStudyFightUITests */,
			);
		};
/* End PBXProject section */

/* Begin PBXResourcesBuildPhase section */
		28C8690525CBEA730080AD5E /* Resources */ = {
			isa = PBXResourcesBuildPhase;
			buildActionMask = 2147483647;
			files = (
				28C8691725CBEA750080AD5E /* LaunchScreen.storyboard in Resources */,
				28C8691425CBEA750080AD5E /* Assets.xcassets in Resources */,
				28C8691225CBEA730080AD5E /* Main.storyboard in Resources */,
			);
			runOnlyForDeploymentPostprocessing = 0;
		};
		28C8691B25CBEA750080AD5E /* Resources */ = {
			isa = PBXResourcesBuildPhase;
			buildActionMask = 2147483647;
			files = (
			);
			runOnlyForDeploymentPostprocessing = 0;
		};
		28C8692625CBEA750080AD5E /* Resources */ = {
			isa = PBXResourcesBuildPhase;
			buildActionMask = 2147483647;
			files = (
			);
			runOnlyForDeploymentPostprocessing = 0;
		};
/* End PBXResourcesBuildPhase section */

/* Begin PBXSourcesBuildPhase section */
		28C8690325CBEA730080AD5E /* Sources */ = {
			isa = PBXSourcesBuildPhase;
			buildActionMask = 2147483647;
			files = (
				28C869B225CD240C0080AD5E /* MXSwiftVariableVC.swift in Sources */,
				28C869A325CBFB840080AD5E /* MXSwiftBasicLanguage.swift in Sources */,
				28C8698E25CBF74E0080AD5E /* TitleListCell.swift in Sources */,
				28C8690B25CBEA730080AD5E /* AppDelegate.swift in Sources */,
				2890222825CE475F008D0E55 /* MXSwiftLiteralVC.swift in Sources */,
				28C869C725CD29610080AD5E /* MXSwiftOptionalsVC.swift in Sources */,
				2890221F25CE416B008D0E55 /* MXSwiftLetVC.swift in Sources */,
				28C869BB25CD24580080AD5E /* MXBaseViewController.swift in Sources */,
				28C8690D25CBEA730080AD5E /* SceneDelegate.swift in Sources */,
				28C8698225CBF49F0080AD5E /* TitleListVC.swift in Sources */,
				28C869A925CCEF220080AD5E /* MXSwiftDataTypeVC.swift in Sources */,
				2890224F25D0D842008D0E55 /* MXWordsVC.swift in Sources */,
			);
			runOnlyForDeploymentPostprocessing = 0;
		};
		28C8691925CBEA750080AD5E /* Sources */ = {
			isa = PBXSourcesBuildPhase;
			buildActionMask = 2147483647;
			files = (
				28C8692225CBEA750080AD5E /* SwitStudyFightTests.swift in Sources */,
			);
			runOnlyForDeploymentPostprocessing = 0;
		};
		28C8692425CBEA750080AD5E /* Sources */ = {
			isa = PBXSourcesBuildPhase;
			buildActionMask = 2147483647;
			files = (
				28C8692D25CBEA750080AD5E /* SwitStudyFightUITests.swift in Sources */,
			);
			runOnlyForDeploymentPostprocessing = 0;
		};
/* End PBXSourcesBuildPhase section */

/* Begin PBXTargetDependency section */
		28C8691F25CBEA750080AD5E /* PBXTargetDependency */ = {
			isa = PBXTargetDependency;
			target = 28C8690625CBEA730080AD5E /* SwitStudyFight */;
			targetProxy = 28C8691E25CBEA750080AD5E /* PBXContainerItemProxy */;
		};
		28C8692A25CBEA750080AD5E /* PBXTargetDependency */ = {
			isa = PBXTargetDependency;
			target = 28C8690625CBEA730080AD5E /* SwitStudyFight */;
			targetProxy = 28C8692925CBEA750080AD5E /* PBXContainerItemProxy */;
		};
/* End PBXTargetDependency section */

/* Begin PBXVariantGroup section */
		28C8691025CBEA730080AD5E /* Main.storyboard */ = {
			isa = PBXVariantGroup;
			children = (
				28C8691125CBEA730080AD5E /* Base */,
			);
			name = Main.storyboard;
			sourceTree = "<group>";
		};
		28C8691525CBEA750080AD5E /* LaunchScreen.storyboard */ = {
			isa = PBXVariantGroup;
			children = (
				28C8691625CBEA750080AD5E /* Base */,
			);
			name = LaunchScreen.storyboard;
			sourceTree = "<group>";
		};
/* End PBXVariantGroup section */

/* Begin XCBuildConfiguration section */
		28C8692F25CBEA750080AD5E /* Debug */ = {
			isa = XCBuildConfiguration;
			buildSettings = {
				ALWAYS_SEARCH_USER_PATHS = NO;
				CLANG_ANALYZER_NONNULL = YES;
				CLANG_ANALYZER_NUMBER_OBJECT_CONVERSION = YES_AGGRESSIVE;
				CLANG_CXX_LANGUAGE_STANDARD = "gnu++14";
				CLANG_CXX_LIBRARY = "libc++";
				CLANG_ENABLE_MODULES = YES;
				CLANG_ENABLE_OBJC_ARC = YES;
				CLANG_ENABLE_OBJC_WEAK = YES;
				CLANG_WARN_BLOCK_CAPTURE_AUTORELEASING = YES;
				CLANG_WARN_BOOL_CONVERSION = YES;
				CLANG_WARN_COMMA = YES;
				CLANG_WARN_CONSTANT_CONVERSION = YES;
				CLANG_WARN_DEPRECATED_OBJC_IMPLEMENTATIONS = YES;
				CLANG_WARN_DIRECT_OBJC_ISA_USAGE = YES_ERROR;
				CLANG_WARN_DOCUMENTATION_COMMENTS = YES;
				CLANG_WARN_EMPTY_BODY = YES;
				CLANG_WARN_ENUM_CONVERSION = YES;
				CLANG_WARN_INFINITE_RECURSION = YES;
				CLANG_WARN_INT_CONVERSION = YES;
				CLANG_WARN_NON_LITERAL_NULL_CONVERSION = YES;
				CLANG_WARN_OBJC_IMPLICIT_RETAIN_SELF = YES;
				CLANG_WARN_OBJC_LITERAL_CONVERSION = YES;
				CLANG_WARN_OBJC_ROOT_CLASS = YES_ERROR;
				CLANG_WARN_QUOTED_INCLUDE_IN_FRAMEWORK_HEADER = YES;
				CLANG_WARN_RANGE_LOOP_ANALYSIS = YES;
				CLANG_WARN_STRICT_PROTOTYPES = YES;
				CLANG_WARN_SUSPICIOUS_MOVE = YES;
				CLANG_WARN_UNGUARDED_AVAILABILITY = YES_AGGRESSIVE;
				CLANG_WARN_UNREACHABLE_CODE = YES;
				CLANG_WARN__DUPLICATE_METHOD_MATCH = YES;
				COPY_PHASE_STRIP = NO;
				DEBUG_INFORMATION_FORMAT = dwarf;
				ENABLE_STRICT_OBJC_MSGSEND = YES;
				ENABLE_TESTABILITY = YES;
				GCC_C_LANGUAGE_STANDARD = gnu11;
				GCC_DYNAMIC_NO_PIC = NO;
				GCC_NO_COMMON_BLOCKS = YES;
				GCC_OPTIMIZATION_LEVEL = 0;
				GCC_PREPROCESSOR_DEFINITIONS = (
					"DEBUG=1",
					"$(inherited)",
				);
				GCC_WARN_64_TO_32_BIT_CONVERSION = YES;
				GCC_WARN_ABOUT_RETURN_TYPE = YES_ERROR;
				GCC_WARN_UNDECLARED_SELECTOR = YES;
				GCC_WARN_UNINITIALIZED_AUTOS = YES_AGGRESSIVE;
				GCC_WARN_UNUSED_FUNCTION = YES;
				GCC_WARN_UNUSED_VARIABLE = YES;
				IPHONEOS_DEPLOYMENT_TARGET = 14.1;
				MTL_ENABLE_DEBUG_INFO = INCLUDE_SOURCE;
				MTL_FAST_MATH = YES;
				ONLY_ACTIVE_ARCH = YES;
				SDKROOT = iphoneos;
				SWIFT_ACTIVE_COMPILATION_CONDITIONS = DEBUG;
				SWIFT_OPTIMIZATION_LEVEL = "-Onone";
			};
			name = Debug;
		};
		28C8693025CBEA750080AD5E /* Release */ = {
			isa = XCBuildConfiguration;
			buildSettings = {
				ALWAYS_SEARCH_USER_PATHS = NO;
				CLANG_ANALYZER_NONNULL = YES;
				CLANG_ANALYZER_NUMBER_OBJECT_CONVERSION = YES_AGGRESSIVE;
				CLANG_CXX_LANGUAGE_STANDARD = "gnu++14";
				CLANG_CXX_LIBRARY = "libc++";
				CLANG_ENABLE_MODULES = YES;
				CLANG_ENABLE_OBJC_ARC = YES;
				CLANG_ENABLE_OBJC_WEAK = YES;
				CLANG_WARN_BLOCK_CAPTURE_AUTORELEASING = YES;
				CLANG_WARN_BOOL_CONVERSION = YES;
				CLANG_WARN_COMMA = YES;
				CLANG_WARN_CONSTANT_CONVERSION = YES;
				CLANG_WARN_DEPRECATED_OBJC_IMPLEMENTATIONS = YES;
				CLANG_WARN_DIRECT_OBJC_ISA_USAGE = YES_ERROR;
				CLANG_WARN_DOCUMENTATION_COMMENTS = YES;
				CLANG_WARN_EMPTY_BODY = YES;
				CLANG_WARN_ENUM_CONVERSION = YES;
				CLANG_WARN_INFINITE_RECURSION = YES;
				CLANG_WARN_INT_CONVERSION = YES;
				CLANG_WARN_NON_LITERAL_NULL_CONVERSION = YES;
				CLANG_WARN_OBJC_IMPLICIT_RETAIN_SELF = YES;
				CLANG_WARN_OBJC_LITERAL_CONVERSION = YES;
				CLANG_WARN_OBJC_ROOT_CLASS = YES_ERROR;
				CLANG_WARN_QUOTED_INCLUDE_IN_FRAMEWORK_HEADER = YES;
				CLANG_WARN_RANGE_LOOP_ANALYSIS = YES;
				CLANG_WARN_STRICT_PROTOTYPES = YES;
				CLANG_WARN_SUSPICIOUS_MOVE = YES;
				CLANG_WARN_UNGUARDED_AVAILABILITY = YES_AGGRESSIVE;
				CLANG_WARN_UNREACHABLE_CODE = YES;
				CLANG_WARN__DUPLICATE_METHOD_MATCH = YES;
				COPY_PHASE_STRIP = NO;
				DEBUG_INFORMATION_FORMAT = "dwarf-with-dsym";
				ENABLE_NS_ASSERTIONS = NO;
				ENABLE_STRICT_OBJC_MSGSEND = YES;
				GCC_C_LANGUAGE_STANDARD = gnu11;
				GCC_NO_COMMON_BLOCKS = YES;
				GCC_WARN_64_TO_32_BIT_CONVERSION = YES;
				GCC_WARN_ABOUT_RETURN_TYPE = YES_ERROR;
				GCC_WARN_UNDECLARED_SELECTOR = YES;
				GCC_WARN_UNINITIALIZED_AUTOS = YES_AGGRESSIVE;
				GCC_WARN_UNUSED_FUNCTION = YES;
				GCC_WARN_UNUSED_VARIABLE = YES;
				IPHONEOS_DEPLOYMENT_TARGET = 14.1;
				MTL_ENABLE_DEBUG_INFO = NO;
				MTL_FAST_MATH = YES;
				SDKROOT = iphoneos;
				SWIFT_COMPILATION_MODE = wholemodule;
				SWIFT_OPTIMIZATION_LEVEL = "-O";
				VALIDATE_PRODUCT = YES;
			};
			name = Release;
		};
		28C8693225CBEA750080AD5E /* Debug */ = {
			isa = XCBuildConfiguration;
			buildSettings = {
				ASSETCATALOG_COMPILER_APPICON_NAME = AppIcon;
				ASSETCATALOG_COMPILER_GLOBAL_ACCENT_COLOR_NAME = AccentColor;
				CODE_SIGN_STYLE = Automatic;
				DEVELOPMENT_TEAM = 32ADPZQBFS;
				INFOPLIST_FILE = SwitStudyFight/Info.plist;
				LD_RUNPATH_SEARCH_PATHS = (
					"$(inherited)",
					"@executable_path/Frameworks",
				);
				PRODUCT_BUNDLE_IDENTIFIER = com.fight.matthew.SwitStudyFight;
				PRODUCT_NAME = "$(TARGET_NAME)";
				SWIFT_VERSION = 5.0;
				TARGETED_DEVICE_FAMILY = "1,2";
			};
			name = Debug;
		};
		28C8693325CBEA750080AD5E /* Release */ = {
			isa = XCBuildConfiguration;
			buildSettings = {
				ASSETCATALOG_COMPILER_APPICON_NAME = AppIcon;
				ASSETCATALOG_COMPILER_GLOBAL_ACCENT_COLOR_NAME = AccentColor;
				CODE_SIGN_STYLE = Automatic;
				DEVELOPMENT_TEAM = 32ADPZQBFS;
				INFOPLIST_FILE = SwitStudyFight/Info.plist;
				LD_RUNPATH_SEARCH_PATHS = (
					"$(inherited)",
					"@executable_path/Frameworks",
				);
				PRODUCT_BUNDLE_IDENTIFIER = com.fight.matthew.SwitStudyFight;
				PRODUCT_NAME = "$(TARGET_NAME)";
				SWIFT_VERSION = 5.0;
				TARGETED_DEVICE_FAMILY = "1,2";
			};
			name = Release;
		};
		28C8693525CBEA750080AD5E /* Debug */ = {
			isa = XCBuildConfiguration;
			buildSettings = {
				ALWAYS_EMBED_SWIFT_STANDARD_LIBRARIES = YES;
				BUNDLE_LOADER = "$(TEST_HOST)";
				CODE_SIGN_STYLE = Automatic;
				DEVELOPMENT_TEAM = 32ADPZQBFS;
				INFOPLIST_FILE = SwitStudyFightTests/Info.plist;
				IPHONEOS_DEPLOYMENT_TARGET = 14.1;
				LD_RUNPATH_SEARCH_PATHS = (
					"$(inherited)",
					"@executable_path/Frameworks",
					"@loader_path/Frameworks",
				);
				PRODUCT_BUNDLE_IDENTIFIER = com.fight.matthew.SwitStudyFightTests;
				PRODUCT_NAME = "$(TARGET_NAME)";
				SWIFT_VERSION = 5.0;
				TARGETED_DEVICE_FAMILY = "1,2";
				TEST_HOST = "$(BUILT_PRODUCTS_DIR)/SwitStudyFight.app/SwitStudyFight";
			};
			name = Debug;
		};
		28C8693625CBEA750080AD5E /* Release */ = {
			isa = XCBuildConfiguration;
			buildSettings = {
				ALWAYS_EMBED_SWIFT_STANDARD_LIBRARIES = YES;
				BUNDLE_LOADER = "$(TEST_HOST)";
				CODE_SIGN_STYLE = Automatic;
				DEVELOPMENT_TEAM = 32ADPZQBFS;
				INFOPLIST_FILE = SwitStudyFightTests/Info.plist;
				IPHONEOS_DEPLOYMENT_TARGET = 14.1;
				LD_RUNPATH_SEARCH_PATHS = (
					"$(inherited)",
					"@executable_path/Frameworks",
					"@loader_path/Frameworks",
				);
				PRODUCT_BUNDLE_IDENTIFIER = com.fight.matthew.SwitStudyFightTests;
				PRODUCT_NAME = "$(TARGET_NAME)";
				SWIFT_VERSION = 5.0;
				TARGETED_DEVICE_FAMILY = "1,2";
				TEST_HOST = "$(BUILT_PRODUCTS_DIR)/SwitStudyFight.app/SwitStudyFight";
			};
			name = Release;
		};
		28C8693825CBEA750080AD5E /* Debug */ = {
			isa = XCBuildConfiguration;
			buildSettings = {
				ALWAYS_EMBED_SWIFT_STANDARD_LIBRARIES = YES;
				CODE_SIGN_STYLE = Automatic;
				DEVELOPMENT_TEAM = 32ADPZQBFS;
				INFOPLIST_FILE = SwitStudyFightUITests/Info.plist;
				LD_RUNPATH_SEARCH_PATHS = (
					"$(inherited)",
					"@executable_path/Frameworks",
					"@loader_path/Frameworks",
				);
				PRODUCT_BUNDLE_IDENTIFIER = com.fight.matthew.SwitStudyFightUITests;
				PRODUCT_NAME = "$(TARGET_NAME)";
				SWIFT_VERSION = 5.0;
				TARGETED_DEVICE_FAMILY = "1,2";
				TEST_TARGET_NAME = SwitStudyFight;
			};
			name = Debug;
		};
		28C8693925CBEA750080AD5E /* Release */ = {
			isa = XCBuildConfiguration;
			buildSettings = {
				ALWAYS_EMBED_SWIFT_STANDARD_LIBRARIES = YES;
				CODE_SIGN_STYLE = Automatic;
				DEVELOPMENT_TEAM = 32ADPZQBFS;
				INFOPLIST_FILE = SwitStudyFightUITests/Info.plist;
				LD_RUNPATH_SEARCH_PATHS = (
					"$(inherited)",
					"@executable_path/Frameworks",
					"@loader_path/Frameworks",
				);
				PRODUCT_BUNDLE_IDENTIFIER = com.fight.matthew.SwitStudyFightUITests;
				PRODUCT_NAME = "$(TARGET_NAME)";
				SWIFT_VERSION = 5.0;
				TARGETED_DEVICE_FAMILY = "1,2";
				TEST_TARGET_NAME = SwitStudyFight;
			};
			name = Release;
		};
/* End XCBuildConfiguration section */

/* Begin XCConfigurationList section */
		28C8690225CBEA730080AD5E /* Build configuration list for PBXProject "SwitStudyFight" */ = {
			isa = XCConfigurationList;
			buildConfigurations = (
				28C8692F25CBEA750080AD5E /* Debug */,
				28C8693025CBEA750080AD5E /* Release */,
			);
			defaultConfigurationIsVisible = 0;
			defaultConfigurationName = Release;
		};
		28C8693125CBEA750080AD5E /* Build configuration list for PBXNativeTarget "SwitStudyFight" */ = {
			isa = XCConfigurationList;
			buildConfigurations = (
				28C8693225CBEA750080AD5E /* Debug */,
				28C8693325CBEA750080AD5E /* Release */,
			);
			defaultConfigurationIsVisible = 0;
			defaultConfigurationName = Release;
		};
		28C8693425CBEA750080AD5E /* Build configuration list for PBXNativeTarget "SwitStudyFightTests" */ = {
			isa = XCConfigurationList;
			buildConfigurations = (
				28C8693525CBEA750080AD5E /* Debug */,
				28C8693625CBEA750080AD5E /* Release */,
			);
			defaultConfigurationIsVisible = 0;
			defaultConfigurationName = Release;
		};
		28C8693725CBEA750080AD5E /* Build configuration list for PBXNativeTarget "SwitStudyFightUITests" */ = {
			isa = XCConfigurationList;
			buildConfigurations = (
				28C8693825CBEA750080AD5E /* Debug */,
				28C8693925CBEA750080AD5E /* Release */,
			);
			defaultConfigurationIsVisible = 0;
			defaultConfigurationName = Release;
		};
/* End XCConfigurationList section */
	};
	rootObject = 28C868FF25CBEA730080AD5E /* Project object */;
}
